
Microsoft Visual Studio Solution File, Format Version 12.00
# Visual Studio 15
VisualStudioVersion = 15.0.27729.1
MinimumVisualStudioVersion = 10.0.40219.1
Project("{9092AA53-FB77-4645-B42D-1CCCA6BD08BD}") = "NodejsWebAppBlank", "NodejsWebAppBlank\NodejsWebAppBlank.njsproj", "{3F7B2B93-3E57-433B-B257-D5D350D42329}"
EndProject
Global
	GlobalSection(SolutionConfigurationPlatforms) = preSolution
		Debug|Any CPU = Debug|Any CPU
		Release|Any CPU = Release|Any CPU
	EndGlobalSection
	GlobalSection(ProjectConfigurationPlatforms) = postSolution
		{3F7B2B93-3E57-433B-B257-D5D350D42329}.Debug|Any CPU.ActiveCfg = Debug|Any CPU
		{3F7B2B93-3E57-433B-B257-D5D350D42329}.Debug|Any CPU.Build.0 = Debug|Any CPU
		{3F7B2B93-3E57-433B-B257-D5D350D42329}.Release|Any CPU.ActiveCfg = Release|Any CPU
		{3F7B2B93-3E57-433B-B257-D5D350D42329}.Release|Any CPU.Build.0 = Release|Any CPU
	EndGlobalSection
	GlobalSection(SolutionProperties) = preSolution
		HideSolutionNode = FALSE
	EndGlobalSection
	GlobalSection(ExtensibilityGlobals) = postSolution
		SolutionGuid = {68465C11-6DCF-4153-9936-DDC4BAB206BC}
	EndGlobalSection
EndGlobal
